
Microsoft Visual Studio Solution File, Format Version 12.00
# Visual Studio 15
VisualStudioVersion = 15.0.27703.2047
MinimumVisualStudioVersion = 10.0.40219.1
Project("{FAE04EC0-301F-11D3-BF4B-00C04F79EFBC}") = "App", "App\App.csproj", "{198ACC23-B0F0-4180-8621-1BB821F3A695}"
EndProject
Project("{FAE04EC0-301F-11D3-BF4B-00C04F79EFBC}") = "Server", "Server\Server.csproj", "{B605A9FC-D847-4B1F-A3B1-3AF5411ED206}"
EndProject
Project("{FAE04EC0-301F-11D3-BF4B-00C04F79EFBC}") = "Hotfix", "Hotfix\Hotfix.csproj", "{65502814-F8E2-4680-AAC7-2D532DA9024E}"
EndProject
Global
	GlobalSection(SolutionConfigurationPlatforms) = preSolution
		Debug|Any CPU = Debug|Any CPU
		Release|Any CPU = Release|Any CPU
	EndGlobalSection
	GlobalSection(ProjectConfigurationPlatforms) = postSolution
		{198ACC23-B0F0-4180-8621-1BB821F3A695}.Debug|Any CPU.ActiveCfg = Debug|Any CPU
		{198ACC23-B0F0-4180-8621-1BB821F3A695}.Debug|Any CPU.Build.0 = Debug|Any CPU
		{198ACC23-B0F0-4180-8621-1BB821F3A695}.Release|Any CPU.ActiveCfg = Release|Any CPU
		{198ACC23-B0F0-4180-8621-1BB821F3A695}.Release|Any CPU.Build.0 = Release|Any CPU
		{B605A9FC-D847-4B1F-A3B1-3AF5411ED206}.Debug|Any CPU.ActiveCfg = Debug|Any CPU
		{B605A9FC-D847-4B1F-A3B1-3AF5411ED206}.Debug|Any CPU.Build.0 = Debug|Any CPU
		{B605A9FC-D847-4B1F-A3B1-3AF5411ED206}.Release|Any CPU.ActiveCfg = Release|Any CPU
		{B605A9FC-D847-4B1F-A3B1-3AF5411ED206}.Release|Any CPU.Build.0 = Release|Any CPU
		{65502814-F8E2-4680-AAC7-2D532DA9024E}.Debug|Any CPU.ActiveCfg = Debug|Any CPU
		{65502814-F8E2-4680-AAC7-2D532DA9024E}.Debug|Any CPU.Build.0 = Debug|Any CPU
		{65502814-F8E2-4680-AAC7-2D532DA9024E}.Release|Any CPU.ActiveCfg = Release|Any CPU
		{65502814-F8E2-4680-AAC7-2D532DA9024E}.Release|Any CPU.Build.0 = Release|Any CPU
	EndGlobalSection
	GlobalSection(SolutionProperties) = preSolution
		HideSolutionNode = FALSE
	EndGlobalSection
	GlobalSection(ExtensibilityGlobals) = postSolution
		SolutionGuid = {116FE21E-0A32-42B0-92DE-3D8DEEC96B1B}
	EndGlobalSection
EndGlobal
